
Microsoft Visual Studio Solution File, Format Version 12.00
# Visual Studio Version 16
VisualStudioVersion = 16.0.30717.126
MinimumVisualStudioVersion = 10.0.40219.1
Project("{FAE04EC0-301F-11D3-BF4B-00C04F79EFBC}") = "Fbi Servers", "Fbi Servers\Fbi Servers.csproj", "{0301FC70-5C1D-48FD-83DF-21282D6DAACD}"
EndProject
Global
	GlobalSection(SolutionConfigurationPlatforms) = preSolution
		Debug|Any CPU = Debug|Any CPU
		Release|Any CPU = Release|Any CPU
	EndGlobalSection
	GlobalSection(ProjectConfigurationPlatforms) = postSolution
		{0301FC70-5C1D-48FD-83DF-21282D6DAACD}.Debug|Any CPU.ActiveCfg = Debug|Any CPU
		{0301FC70-5C1D-48FD-83DF-21282D6DAACD}.Debug|Any CPU.Build.0 = Debug|Any CPU
		{0301FC70-5C1D-48FD-83DF-21282D6DAACD}.Release|Any CPU.ActiveCfg = Release|Any CPU
		{0301FC70-5C1D-48FD-83DF-21282D6DAACD}.Release|Any CPU.Build.0 = Release|Any CPU
	EndGlobalSection
	GlobalSection(SolutionProperties) = preSolution
		HideSolutionNode = FALSE
	EndGlobalSection
	GlobalSection(ExtensibilityGlobals) = postSolution
		SolutionGuid = {67161B98-E555-46E8-A504-E62EAA669656}
	EndGlobalSection
EndGlobal
